PODS:
  - Flutter (1.0.0)
  - flutter_naver_map (1.0.0):
    - Flutter
    - NMapsMap (= 3.17.0)
  - google_maps_flutter_ios (0.0.1):
    - Flutter
    - GoogleMaps (< 9.0, >= 8.4)
  - GoogleMaps (8.4.0):
    - GoogleMaps/Maps (= 8.4.0)
  - GoogleMaps/Base (8.4.0)
  - GoogleMaps/Maps (8.4.0):
    - GoogleMaps/Base
  - kakao_map_plugin (0.0.1):
    - Flutter
  - NMapsGeometry (1.0.2)
  - NMapsMap (3.17.0):
    - NMapsGeometry
  - path_provider_foundation (0.0.1):
    - Flutter
    - FlutterMacOS
  - webview_flutter_wkwebview (0.0.1):
    - Flutter

DEPENDENCIES:
  - Flutter (from `Flutter`)
  - flutter_naver_map (from `.symlinks/plugins/flutter_naver_map/ios`)
  - google_maps_flutter_ios (from `.symlinks/plugins/google_maps_flutter_ios/ios`)
  - GoogleMaps
  - kakao_map_plugin (from `.symlinks/plugins/kakao_map_plugin/ios`)
  - path_provider_foundation (from `.symlinks/plugins/path_provider_foundation/darwin`)
  - webview_flutter_wkwebview (from `.symlinks/plugins/webview_flutter_wkwebview/ios`)

SPEC REPOS:
  trunk:
    - GoogleMaps
    - NMapsGeometry
    - NMapsMap

EXTERNAL SOURCES:
  Flutter:
    :path: Flutter
  flutter_naver_map:
    :path: ".symlinks/plugins/flutter_naver_map/ios"
  google_maps_flutter_ios:
    :path: ".symlinks/plugins/google_maps_flutter_ios/ios"
  kakao_map_plugin:
    :path: ".symlinks/plugins/kakao_map_plugin/ios"
  path_provider_foundation:
    :path: ".symlinks/plugins/path_provider_foundation/darwin"
  webview_flutter_wkwebview:
    :path: ".symlinks/plugins/webview_flutter_wkwebview/ios"

SPEC CHECKSUMS:
  Flutter: e0871f40cf51350855a761d2e70bf5af5b9b5de7
  flutter_naver_map: b18663bc83c2caaab484c58dccf239a87ebbed1b
  google_maps_flutter_ios: c454f18e0e22df6ac0e9f2a4df340858f5a3680c
  GoogleMaps: 8939898920281c649150e0af74aa291c60f2e77d
  kakao_map_plugin: 232bc2486ea3ffb5d44c49eac1bcc6dde1a7f0ee
  NMapsGeometry: 4e02554fa9880ef02ed96b075dc84355d6352479
  NMapsMap: a5b909a31b6f3d27a670f6eb2ddc913c38975474
  path_provider_foundation: 2b6b4c569c0fb62ec74538f866245ac84301af46
  webview_flutter_wkwebview: be0f0d33777f1bfd0c9fdcb594786704dbf65f36

PODFILE CHECKSUM: b68d862de84db056e086a5bdb0e957476d5821b8

COCOAPODS: 1.15.2
